
Microsoft Visual Studio Solution File, Format Version 12.00
# Visual Studio Version 17
VisualStudioVersion = 17.2.32630.192
MinimumVisualStudioVersion = 10.0.40219.1
Project("{FAE04EC0-301F-11D3-BF4B-00C04F79EFBC}") = "WebApp", "WebApp\WebApp.csproj", "{A3F200DD-F7F1-4AB0-A179-EA3CFFAC84CE}"
EndProject
Project("{FAE04EC0-301F-11D3-BF4B-00C04F79EFBC}") = "Infrastructure", "Infrastructure\Infrastructure.csproj", "{B855DE63-81BB-4984-AC4C-E0DE5B00861E}"
EndProject
Project("{FAE04EC0-301F-11D3-BF4B-00C04F79EFBC}") = "Core", "Core\Core.csproj", "{DC023B68-93E4-469C-B2D3-3D3B4246E224}"
EndProject
Project("{FAE04EC0-301F-11D3-BF4B-00C04F79EFBC}") = "CoreTests", "CoreTests\CoreTests.csproj", "{D41A5494-E768-4A89-BA79-E53731783015}"
EndProject
Project("{2150E333-8FDC-42A3-9474-1A3956D46DE8}") = "Testing", "Testing", "{19D4ECC7-CF88-4D13-B889-5AC1A0124D7C}"
EndProject
Project("{2150E333-8FDC-42A3-9474-1A3956D46DE8}") = "Application", "Application", "{8E0F277C-952B-4F3A-A634-EA98CE7C02C9}"
EndProject
Project("{FAE04EC0-301F-11D3-BF4B-00C04F79EFBC}") = "InfrastructureTests", "InfrastructureTests\InfrastructureTests.csproj", "{BF356B9E-F480-4FF4-968A-298F8E2DF224}"
EndProject
Project("{FAE04EC0-301F-11D3-BF4B-00C04F79EFBC}") = "WebAppTests", "WebAppTests\WebAppTests.csproj", "{ADEE643F-48B3-4653-A324-6FABD4126565}"
EndProject
Global
	GlobalSection(SolutionConfigurationPlatforms) = preSolution
		Debug|Any CPU = Debug|Any CPU
		Release|Any CPU = Release|Any CPU
	EndGlobalSection
	GlobalSection(ProjectConfigurationPlatforms) = postSolution
		{A3F200DD-F7F1-4AB0-A179-EA3CFFAC84CE}.Debug|Any CPU.ActiveCfg = Debug|Any CPU
		{A3F200DD-F7F1-4AB0-A179-EA3CFFAC84CE}.Debug|Any CPU.Build.0 = Debug|Any CPU
		{A3F200DD-F7F1-4AB0-A179-EA3CFFAC84CE}.Release|Any CPU.ActiveCfg = Release|Any CPU
		{A3F200DD-F7F1-4AB0-A179-EA3CFFAC84CE}.Release|Any CPU.Build.0 = Release|Any CPU
		{B855DE63-81BB-4984-AC4C-E0DE5B00861E}.Debug|Any CPU.ActiveCfg = Debug|Any CPU
		{B855DE63-81BB-4984-AC4C-E0DE5B00861E}.Debug|Any CPU.Build.0 = Debug|Any CPU
		{B855DE63-81BB-4984-AC4C-E0DE5B00861E}.Release|Any CPU.ActiveCfg = Release|Any CPU
		{B855DE63-81BB-4984-AC4C-E0DE5B00861E}.Release|Any CPU.Build.0 = Release|Any CPU
		{DC023B68-93E4-469C-B2D3-3D3B4246E224}.Debug|Any CPU.ActiveCfg = Debug|Any CPU
		{DC023B68-93E4-469C-B2D3-3D3B4246E224}.Debug|Any CPU.Build.0 = Debug|Any CPU
		{DC023B68-93E4-469C-B2D3-3D3B4246E224}.Release|Any CPU.ActiveCfg = Release|Any CPU
		{DC023B68-93E4-469C-B2D3-3D3B4246E224}.Release|Any CPU.Build.0 = Release|Any CPU
		{D41A5494-E768-4A89-BA79-E53731783015}.Debug|Any CPU.ActiveCfg = Debug|Any CPU
		{D41A5494-E768-4A89-BA79-E53731783015}.Debug|Any CPU.Build.0 = Debug|Any CPU
		{D41A5494-E768-4A89-BA79-E53731783015}.Release|Any CPU.ActiveCfg = Release|Any CPU
		{D41A5494-E768-4A89-BA79-E53731783015}.Release|Any CPU.Build.0 = Release|Any CPU
		{BF356B9E-F480-4FF4-968A-298F8E2DF224}.Debug|Any CPU.ActiveCfg = Debug|Any CPU
		{BF356B9E-F480-4FF4-968A-298F8E2DF224}.Debug|Any CPU.Build.0 = Debug|Any CPU
		{BF356B9E-F480-4FF4-968A-298F8E2DF224}.Release|Any CPU.ActiveCfg = Release|Any CPU
		{BF356B9E-F480-4FF4-968A-298F8E2DF224}.Release|Any CPU.Build.0 = Release|Any CPU
		{ADEE643F-48B3-4653-A324-6FABD4126565}.Debug|Any CPU.ActiveCfg = Debug|Any CPU
		{ADEE643F-48B3-4653-A324-6FABD4126565}.Debug|Any CPU.Build.0 = Debug|Any CPU
		{ADEE643F-48B3-4653-A324-6FABD4126565}.Release|Any CPU.ActiveCfg = Release|Any CPU
		{ADEE643F-48B3-4653-A324-6FABD4126565}.Release|Any CPU.Build.0 = Release|Any CPU
	EndGlobalSection
	GlobalSection(SolutionProperties) = preSolution
		HideSolutionNode = FALSE
	EndGlobalSection
	GlobalSection(NestedProjects) = preSolution
		{A3F200DD-F7F1-4AB0-A179-EA3CFFAC84CE} = {8E0F277C-952B-4F3A-A634-EA98CE7C02C9}
		{B855DE63-81BB-4984-AC4C-E0DE5B00861E} = {8E0F277C-952B-4F3A-A634-EA98CE7C02C9}
		{DC023B68-93E4-469C-B2D3-3D3B4246E224} = {8E0F277C-952B-4F3A-A634-EA98CE7C02C9}
		{D41A5494-E768-4A89-BA79-E53731783015} = {19D4ECC7-CF88-4D13-B889-5AC1A0124D7C}
		{BF356B9E-F480-4FF4-968A-298F8E2DF224} = {19D4ECC7-CF88-4D13-B889-5AC1A0124D7C}
		{ADEE643F-48B3-4653-A324-6FABD4126565} = {19D4ECC7-CF88-4D13-B889-5AC1A0124D7C}
	EndGlobalSection
	GlobalSection(ExtensibilityGlobals) = postSolution
		SolutionGuid = {CA209BA6-2702-42F3-9A4C-B0547AAC23B6}
	EndGlobalSection
EndGlobal
